// !$*UTF8*$!
{
	archiveVersion = 1;
	classes = {
	};
	objectVersion = 50;
	objects = {

/* Begin PBXBuildFile section */
		49D88957DC21E58CA83C77CE /* Pods_FunAccordionViewExample.framework in Frameworks */ = {isa = PBXBuildFile; fileRef = 415D62630CEE528BBB4A4515 /* Pods_FunAccordionViewExample.framework */; };
		72D6B40021D60A2200EA7478 /* AppDelegate.swift in Sources */ = {isa = PBXBuildFile; fileRef = 72D6B3FF21D60A2200EA7478 /* AppDelegate.swift */; };
		72D6B40721D60A2300EA7478 /* Assets.xcassets in Resources */ = {isa = PBXBuildFile; fileRef = 72D6B40621D60A2300EA7478 /* Assets.xcassets */; };
		72D6B41221D60A5300EA7478 /* LaunchScreen.xib in Resources */ = {isa = PBXBuildFile; fileRef = 72D6B41121D60A5300EA7478 /* LaunchScreen.xib */; };
		72D6B41421D60A6800EA7478 /* Main.storyboard in Resources */ = {isa = PBXBuildFile; fileRef = 72D6B41321D60A6800EA7478 /* Main.storyboard */; };
		72D6B41621D60A7400EA7478 /* ViewController.swift in Sources */ = {isa = PBXBuildFile; fileRef = 72D6B41521D60A7400EA7478 /* ViewController.swift */; };
/* End PBXBuildFile section */

/* Begin PBXFileReference section */
		415D62630CEE528BBB4A4515 /* Pods_FunAccordionViewExample.framework */ = {isa = PBXFileReference; explicitFileType = wrapper.framework; includeInIndex = 0; path = Pods_FunAccordionViewExample.framework; sourceTree = BUILT_PRODUCTS_DIR; };
		6A4B6658A603E2F2AD53E37F /* Pods-FunAccordionViewExample.debug.xcconfig */ = {isa = PBXFileReference; includeInIndex = 1; lastKnownFileType = text.xcconfig; name = "Pods-FunAccordionViewExample.debug.xcconfig"; path = "Pods/Target Support Files/Pods-FunAccordionViewExample/Pods-FunAccordionViewExample.debug.xcconfig"; sourceTree = "<group>"; };
		72D6B3FC21D60A2200EA7478 /* FunAccordionViewExample.app */ = {isa = PBXFileReference; explicitFileType = wrapper.application; includeInIndex = 0; path = FunAccordionViewExample.app; sourceTree = BUILT_PRODUCTS_DIR; };
		72D6B3FF21D60A2200EA7478 /* AppDelegate.swift */ = {isa = PBXFileReference; lastKnownFileType = sourcecode.swift; path = AppDelegate.swift; sourceTree = "<group>"; };
		72D6B40621D60A2300EA7478 /* Assets.xcassets */ = {isa = PBXFileReference; lastKnownFileType = folder.assetcatalog; path = Assets.xcassets; sourceTree = "<group>"; };
		72D6B40B21D60A2300EA7478 /* Info.plist */ = {isa = PBXFileReference; lastKnownFileType = text.plist.xml; path = Info.plist; sourceTree = "<group>"; };
		72D6B41121D60A5300EA7478 /* LaunchScreen.xib */ = {isa = PBXFileReference; fileEncoding = 4; lastKnownFileType = file.xib; path = LaunchScreen.xib; sourceTree = "<group>"; };
		72D6B41321D60A6800EA7478 /* Main.storyboard */ = {isa = PBXFileReference; fileEncoding = 4; lastKnownFileType = file.storyboard; path = Main.storyboard; sourceTree = "<group>"; };
		72D6B41521D60A7400EA7478 /* ViewController.swift */ = {isa = PBXFileReference; fileEncoding = 4; lastKnownFileType = sourcecode.swift; path = ViewController.swift; sourceTree = "<group>"; };
		7A9C22DD6FEF64C338EC8F7F /* Pods-FunAccordionViewExample.release.xcconfig */ = {isa = PBXFileReference; includeInIndex = 1; lastKnownFileType = text.xcconfig; name = "Pods-FunAccordionViewExample.release.xcconfig"; path = "Pods/Target Support Files/Pods-FunAccordionViewExample/Pods-FunAccordionViewExample.release.xcconfig"; sourceTree = "<group>"; };
/* End PBXFileReference section */

/* Begin PBXFrameworksBuildPhase section */
		72D6B3F921D60A2200EA7478 /* Frameworks */ = {
			isa = PBXFrameworksBuildPhase;
			buildActionMask = 2147483647;
			files = (
				49D88957DC21E58CA83C77CE /* Pods_FunAccordionViewExample.framework in Frameworks */,
			);
			runOnlyForDeploymentPostprocessing = 0;
		};
/* End PBXFrameworksBuildPhase section */

/* Begin PBXGroup section */
		006D5FEBFF3CB5E6DEBCA242 /* Pods */ = {
			isa = PBXGroup;
			children = (
				6A4B6658A603E2F2AD53E37F /* Pods-FunAccordionViewExample.debug.xcconfig */,
				7A9C22DD6FEF64C338EC8F7F /* Pods-FunAccordionViewExample.release.xcconfig */,
			);
			name = Pods;
			sourceTree = "<group>";
		};
		72D6B3F321D60A2200EA7478 = {
			isa = PBXGroup;
			children = (
				72D6B3FE21D60A2200EA7478 /* FunAccordionView */,
				72D6B3FD21D60A2200EA7478 /* Products */,
				006D5FEBFF3CB5E6DEBCA242 /* Pods */,
				9B56C1B95A741789364708D0 /* Frameworks */,
			);
			sourceTree = "<group>";
		};
		72D6B3FD21D60A2200EA7478 /* Products */ = {
			isa = PBXGroup;
			children = (
				72D6B3FC21D60A2200EA7478 /* FunAccordionViewExample.app */,
			);
			name = Products;
			sourceTree = "<group>";
		};
		72D6B3FE21D60A2200EA7478 /* FunAccordionView */ = {
			isa = PBXGroup;
			children = (
				72D6B3FF21D60A2200EA7478 /* AppDelegate.swift */,
				72D6B41521D60A7400EA7478 /* ViewController.swift */,
				72D6B40621D60A2300EA7478 /* Assets.xcassets */,
				72D6B41321D60A6800EA7478 /* Main.storyboard */,
				72D6B41121D60A5300EA7478 /* LaunchScreen.xib */,
				72D6B40B21D60A2300EA7478 /* Info.plist */,
			);
			path = FunAccordionView;
			sourceTree = "<group>";
		};
		9B56C1B95A741789364708D0 /* Frameworks */ = {
			isa = PBXGroup;
			children = (
				415D62630CEE528BBB4A4515 /* Pods_FunAccordionViewExample.framework */,
			);
			name = Frameworks;
			sourceTree = "<group>";
		};
/* End PBXGroup section */

/* Begin PBXNativeTarget section */
		72D6B3FB21D60A2200EA7478 /* FunAccordionViewExample */ = {
			isa = PBXNativeTarget;
			buildConfigurationList = 72D6B40E21D60A2300EA7478 /* Build configuration list for PBXNativeTarget "FunAccordionViewExample" */;
			buildPhases = (
				E6DEA444EE528308561DB64A /* [CP] Check Pods Manifest.lock */,
				72D6B3F821D60A2200EA7478 /* Sources */,
				72D6B3F921D60A2200EA7478 /* Frameworks */,
				72D6B3FA21D60A2200EA7478 /* Resources */,
				072EA8347B7B523EFFFC0EC9 /* [CP] Embed Pods Frameworks */,
			);
			buildRules = (
			);
			dependencies = (
			);
			name = FunAccordionViewExample;
			productName = FunAccordionView;
			productReference = 72D6B3FC21D60A2200EA7478 /* FunAccordionViewExample.app */;
			productType = "com.apple.product-type.application";
		};
/* End PBXNativeTarget section */

/* Begin PBXProject section */
		72D6B3F421D60A2200EA7478 /* Project object */ = {
			isa = PBXProject;
			attributes = {
				LastSwiftUpdateCheck = 1010;
				LastUpgradeCheck = 1010;
				ORGANIZATIONNAME = "Marc-André Appel";
				TargetAttributes = {
					72D6B3FB21D60A2200EA7478 = {
						CreatedOnToolsVersion = 10.1;
					};
				};
			};
			buildConfigurationList = 72D6B3F721D60A2200EA7478 /* Build configuration list for PBXProject "FunAccordionViewExample" */;
			compatibilityVersion = "Xcode 9.3";
			developmentRegion = en;
			hasScannedForEncodings = 0;
			knownRegions = (
				en,
				Base,
			);
			mainGroup = 72D6B3F321D60A2200EA7478;
			productRefGroup = 72D6B3FD21D60A2200EA7478 /* Products */;
			projectDirPath = "";
			projectRoot = "";
			targets = (
				72D6B3FB21D60A2200EA7478 /* FunAccordionViewExample */,
			);
		};
/* End PBXProject section */

/* Begin PBXResourcesBuildPhase section */
		72D6B3FA21D60A2200EA7478 /* Resources */ = {
			isa = PBXResourcesBuildPhase;
			buildActionMask = 2147483647;
			files = (
				72D6B41421D60A6800EA7478 /* Main.storyboard in Resources */,
				72D6B40721D60A2300EA7478 /* Assets.xcassets in Resources */,
				72D6B41221D60A5300EA7478 /* LaunchScreen.xib in Resources */,
			);
			runOnlyForDeploymentPostprocessing = 0;
		};
/* End PBXResourcesBuildPhase section */

/* Begin PBXShellScriptBuildPhase section */
		072EA8347B7B523EFFFC0EC9 /* [CP] Embed Pods Frameworks */ = {
			isa = PBXShellScriptBuildPhase;
			buildActionMask = 2147483647;
			files = (
			);
			inputPaths = (
				"${SRCROOT}/Pods/Target Support Files/Pods-FunAccordionViewExample/Pods-FunAccordionViewExample-frameworks.sh",
				"${BUILT_PRODUCTS_DIR}/FunAccordionView/FunAccordionView.framework",
			);
			name = "[CP] Embed Pods Frameworks";
			outputPaths = (
				"${TARGET_BUILD_DIR}/${FRAMEWORKS_FOLDER_PATH}/FunAccordionView.framework",
			);
			runOnlyForDeploymentPostprocessing = 0;
			shellPath = /bin/sh;
			shellScript = "\"${SRCROOT}/Pods/Target Support Files/Pods-FunAccordionViewExample/Pods-FunAccordionViewExample-frameworks.sh\"\n";
			showEnvVarsInLog = 0;
		};
		E6DEA444EE528308561DB64A /* [CP] Check Pods Manifest.lock */ = {
			isa = PBXShellScriptBuildPhase;
			buildActionMask = 2147483647;
			files = (
			);
			inputPaths = (
				"${PODS_PODFILE_DIR_PATH}/Podfile.lock",
				"${PODS_ROOT}/Manifest.lock",
			);
			name = "[CP] Check Pods Manifest.lock";
			outputPaths = (
				"$(DERIVED_FILE_DIR)/Pods-FunAccordionViewExample-checkManifestLockResult.txt",
			);
			runOnlyForDeploymentPostprocessing = 0;
			shellPath = /bin/sh;
			shellScript = "diff \"${PODS_PODFILE_DIR_PATH}/Podfile.lock\" \"${PODS_ROOT}/Manifest.lock\" > /dev/null\nif [ $? != 0 ] ; then\n    # print error to STDERR\n    echo \"error: The sandbox is not in sync with the Podfile.lock. Run 'pod install' or update your CocoaPods installation.\" >&2\n    exit 1\nfi\n# This output is used by Xcode 'outputs' to avoid re-running this script phase.\necho \"SUCCESS\" > \"${SCRIPT_OUTPUT_FILE_0}\"\n";
			showEnvVarsInLog = 0;
		};
/* End PBXShellScriptBuildPhase section */

/* Begin PBXSourcesBuildPhase section */
		72D6B3F821D60A2200EA7478 /* Sources */ = {
			isa = PBXSourcesBuildPhase;
			buildActionMask = 2147483647;
			files = (
				72D6B41621D60A7400EA7478 /* ViewController.swift in Sources */,
				72D6B40021D60A2200EA7478 /* AppDelegate.swift in Sources */,
			);
			runOnlyForDeploymentPostprocessing = 0;
		};
/* End PBXSourcesBuildPhase section */

/* Begin XCBuildConfiguration section */
		72D6B40C21D60A2300EA7478 /* Debug */ = {
			isa = XCBuildConfiguration;
			buildSettings = {
				ALWAYS_SEARCH_USER_PATHS = NO;
				CLANG_ANALYZER_NONNULL = YES;
				CLANG_ANALYZER_NUMBER_OBJECT_CONVERSION = YES_AGGRESSIVE;
				CLANG_CXX_LANGUAGE_STANDARD = "gnu++14";
				CLANG_CXX_LIBRARY = "libc++";
				CLANG_ENABLE_MODULES = YES;
				CLANG_ENABLE_OBJC_ARC = YES;
				CLANG_ENABLE_OBJC_WEAK = YES;
				CLANG_WARN_BLOCK_CAPTURE_AUTORELEASING = YES;
				CLANG_WARN_BOOL_CONVERSION = YES;
				CLANG_WARN_COMMA = YES;
				CLANG_WARN_CONSTANT_CONVERSION = YES;
				CLANG_WARN_DEPRECATED_OBJC_IMPLEMENTATIONS = YES;
				CLANG_WARN_DIRECT_OBJC_ISA_USAGE = YES_ERROR;
				CLANG_WARN_DOCUMENTATION_COMMENTS = YES;
				CLANG_WARN_EMPTY_BODY = YES;
				CLANG_WARN_ENUM_CONVERSION = YES;
				CLANG_WARN_INFINITE_RECURSION = YES;
				CLANG_WARN_INT_CONVERSION = YES;
				CLANG_WARN_NON_LITERAL_NULL_CONVERSION = YES;
				CLANG_WARN_OBJC_IMPLICIT_RETAIN_SELF = YES;
				CLANG_WARN_OBJC_LITERAL_CONVERSION = YES;
				CLANG_WARN_OBJC_ROOT_CLASS = YES_ERROR;
				CLANG_WARN_RANGE_LOOP_ANALYSIS = YES;
				CLANG_WARN_STRICT_PROTOTYPES = YES;
				CLANG_WARN_SUSPICIOUS_MOVE = YES;
				CLANG_WARN_UNGUARDED_AVAILABILITY = YES_AGGRESSIVE;
				CLANG_WARN_UNREACHABLE_CODE = YES;
				CLANG_WARN__DUPLICATE_METHOD_MATCH = YES;
				CODE_SIGN_IDENTITY = "iPhone Developer";
				COPY_PHASE_STRIP = NO;
				DEBUG_INFORMATION_FORMAT = dwarf;
				ENABLE_STRICT_OBJC_MSGSEND = YES;
				ENABLE_TESTABILITY = YES;
				GCC_C_LANGUAGE_STANDARD = gnu11;
				GCC_DYNAMIC_NO_PIC = NO;
				GCC_NO_COMMON_BLOCKS = YES;
				GCC_OPTIMIZATION_LEVEL = 0;
				GCC_PREPROCESSOR_DEFINITIONS = (
					"DEBUG=1",
					"$(inherited)",
				);
				GCC_WARN_64_TO_32_BIT_CONVERSION = YES;
				GCC_WARN_ABOUT_RETURN_TYPE = YES_ERROR;
				GCC_WARN_UNDECLARED_SELECTOR = YES;
				GCC_WARN_UNINITIALIZED_AUTOS = YES_AGGRESSIVE;
				GCC_WARN_UNUSED_FUNCTION = YES;
				GCC_WARN_UNUSED_VARIABLE = YES;
				IPHONEOS_DEPLOYMENT_TARGET = 12.1;
				MTL_ENABLE_DEBUG_INFO = INCLUDE_SOURCE;
				MTL_FAST_MATH = YES;
				ONLY_ACTIVE_ARCH = YES;
				SDKROOT = iphoneos;
				SWIFT_ACTIVE_COMPILATION_CONDITIONS = DEBUG;
				SWIFT_OPTIMIZATION_LEVEL = "-Onone";
			};
			name = Debug;
		};
		72D6B40D21D60A2300EA7478 /* Release */ = {
			isa = XCBuildConfiguration;
			buildSettings = {
				ALWAYS_SEARCH_USER_PATHS = NO;
				CLANG_ANALYZER_NONNULL = YES;
				CLANG_ANALYZER_NUMBER_OBJECT_CONVERSION = YES_AGGRESSIVE;
				CLANG_CXX_LANGUAGE_STANDARD = "gnu++14";
				CLANG_CXX_LIBRARY = "libc++";
				CLANG_ENABLE_MODULES = YES;
				CLANG_ENABLE_OBJC_ARC = YES;
				CLANG_ENABLE_OBJC_WEAK = YES;
				CLANG_WARN_BLOCK_CAPTURE_AUTORELEASING = YES;
				CLANG_WARN_BOOL_CONVERSION = YES;
				CLANG_WARN_COMMA = YES;
				CLANG_WARN_CONSTANT_CONVERSION = YES;
				CLANG_WARN_DEPRECATED_OBJC_IMPLEMENTATIONS = YES;
				CLANG_WARN_DIRECT_OBJC_ISA_USAGE = YES_ERROR;
				CLANG_WARN_DOCUMENTATION_COMMENTS = YES;
				CLANG_WARN_EMPTY_BODY = YES;
				CLANG_WARN_ENUM_CONVERSION = YES;
				CLANG_WARN_INFINITE_RECURSION = YES;
				CLANG_WARN_INT_CONVERSION = YES;
				CLANG_WARN_NON_LITERAL_NULL_CONVERSION = YES;
				CLANG_WARN_OBJC_IMPLICIT_RETAIN_SELF = YES;
				CLANG_WARN_OBJC_LITERAL_CONVERSION = YES;
				CLANG_WARN_OBJC_ROOT_CLASS = YES_ERROR;
				CLANG_WARN_RANGE_LOOP_ANALYSIS = YES;
				CLANG_WARN_STRICT_PROTOTYPES = YES;
				CLANG_WARN_SUSPICIOUS_MOVE = YES;
				CLANG_WARN_UNGUARDED_AVAILABILITY = YES_AGGRESSIVE;
				CLANG_WARN_UNREACHABLE_CODE = YES;
				CLANG_WARN__DUPLICATE_METHOD_MATCH = YES;
				CODE_SIGN_IDENTITY = "iPhone Developer";
				COPY_PHASE_STRIP = NO;
				DEBUG_INFORMATION_FORMAT = "dwarf-with-dsym";
				ENABLE_NS_ASSERTIONS = NO;
				ENABLE_STRICT_OBJC_MSGSEND = YES;
				GCC_C_LANGUAGE_STANDARD = gnu11;
				GCC_NO_COMMON_BLOCKS = YES;
				GCC_WARN_64_TO_32_BIT_CONVERSION = YES;
				GCC_WARN_ABOUT_RETURN_TYPE = YES_ERROR;
				GCC_WARN_UNDECLARED_SELECTOR = YES;
				GCC_WARN_UNINITIALIZED_AUTOS = YES_AGGRESSIVE;
				GCC_WARN_UNUSED_FUNCTION = YES;
				GCC_WARN_UNUSED_VARIABLE = YES;
				IPHONEOS_DEPLOYMENT_TARGET = 12.1;
				MTL_ENABLE_DEBUG_INFO = NO;
				MTL_FAST_MATH = YES;
				SDKROOT = iphoneos;
				SWIFT_COMPILATION_MODE = wholemodule;
				SWIFT_OPTIMIZATION_LEVEL = "-O";
				VALIDATE_PRODUCT = YES;
			};
			name = Release;
		};
		72D6B40F21D60A2300EA7478 /* Debug */ = {
			isa = XCBuildConfiguration;
			baseConfigurationReference = 6A4B6658A603E2F2AD53E37F /* Pods-FunAccordionViewExample.debug.xcconfig */;
			buildSettings = {
				ASSETCATALOG_COMPILER_APPICON_NAME = AppIcon;
				CODE_SIGN_STYLE = Automatic;
				INFOPLIST_FILE = "$(SRCROOT)/FunAccordionView/Info.plist";
				LD_RUNPATH_SEARCH_PATHS = (
					"$(inherited)",
					"@executable_path/Frameworks",
				);
				PRODUCT_BUNDLE_IDENTIFIER = fun.appel.FunAccordionViewExample;
				PRODUCT_NAME = "$(TARGET_NAME)";
				SWIFT_VERSION = 4.2;
				TARGETED_DEVICE_FAMILY = "1,2";
			};
			name = Debug;
		};
		72D6B41021D60A2300EA7478 /* Release */ = {
			isa = XCBuildConfiguration;
			baseConfigurationReference = 7A9C22DD6FEF64C338EC8F7F /* Pods-FunAccordionViewExample.release.xcconfig */;
			buildSettings = {
				ASSETCATALOG_COMPILER_APPICON_NAME = AppIcon;
				CODE_SIGN_STYLE = Automatic;
				INFOPLIST_FILE = "$(SRCROOT)/FunAccordionView/Info.plist";
				LD_RUNPATH_SEARCH_PATHS = (
					"$(inherited)",
					"@executable_path/Frameworks",
				);
				PRODUCT_BUNDLE_IDENTIFIER = fun.appel.FunAccordionViewExample;
				PRODUCT_NAME = "$(TARGET_NAME)";
				SWIFT_VERSION = 4.2;
				TARGETED_DEVICE_FAMILY = "1,2";
			};
			name = Release;
		};
/* End XCBuildConfiguration section */

/* Begin XCConfigurationList section */
		72D6B3F721D60A2200EA7478 /* Build configuration list for PBXProject "FunAccordionViewExample" */ = {
			isa = XCConfigurationList;
			buildConfigurations = (
				72D6B40C21D60A2300EA7478 /* Debug */,
				72D6B40D21D60A2300EA7478 /* Release */,
			);
			defaultConfigurationIsVisible = 0;
			defaultConfigurationName = Release;
		};
		72D6B40E21D60A2300EA7478 /* Build configuration list for PBXNativeTarget "FunAccordionViewExample" */ = {
			isa = XCConfigurationList;
			buildConfigurations = (
				72D6B40F21D60A2300EA7478 /* Debug */,
				72D6B41021D60A2300EA7478 /* Release */,
			);
			defaultConfigurationIsVisible = 0;
			defaultConfigurationName = Release;
		};
/* End XCConfigurationList section */
	};
	rootObject = 72D6B3F421D60A2200EA7478 /* Project object */;
}
